
Microsoft Visual Studio Solution File, Format Version 12.00
# Visual Studio Version 16
VisualStudioVersion = 16.0.33529.622
MinimumVisualStudioVersion = 10.0.40219.1
Project("{FAE04EC0-301F-11D3-BF4B-00C04F79EFBC}") = "TokoBuku", "TokoBuku\TokoBuku.csproj", "{46CA1928-F346-49E6-BEA6-DFCA45E57D34}"
EndProject
Global
	GlobalSection(SolutionConfigurationPlatforms) = preSolution
		Debug|Any CPU = Debug|Any CPU
		Release|Any CPU = Release|Any CPU
	EndGlobalSection
	GlobalSection(ProjectConfigurationPlatforms) = postSolution
		{46CA1928-F346-49E6-BEA6-DFCA45E57D34}.Debug|Any CPU.ActiveCfg = Debug|Any CPU
		{46CA1928-F346-49E6-BEA6-DFCA45E57D34}.Debug|Any CPU.Build.0 = Debug|Any CPU
		{46CA1928-F346-49E6-BEA6-DFCA45E57D34}.Release|Any CPU.ActiveCfg = Release|Any CPU
		{46CA1928-F346-49E6-BEA6-DFCA45E57D34}.Release|Any CPU.Build.0 = Release|Any CPU
	EndGlobalSection
	GlobalSection(SolutionProperties) = preSolution
		HideSolutionNode = FALSE
	EndGlobalSection
	GlobalSection(ExtensibilityGlobals) = postSolution
		SolutionGuid = {51373A8C-B7F3-44B5-8104-3A5C65923A59}
	EndGlobalSection
EndGlobal
