
Microsoft Visual Studio Solution File, Format Version 12.00
# Visual Studio Version 16
VisualStudioVersion = 16.0.33529.622
MinimumVisualStudioVersion = 10.0.40219.1
Project("{FAE04EC0-301F-11D3-BF4B-00C04F79EFBC}") = "TokoBuku", "TokoBuku\TokoBuku.csproj", "{785C4345-DF4E-41EB-B3B3-767AE4FC5D05}"
EndProject
Global
	GlobalSection(SolutionConfigurationPlatforms) = preSolution
		Debug|Any CPU = Debug|Any CPU
		Release|Any CPU = Release|Any CPU
	EndGlobalSection
	GlobalSection(ProjectConfigurationPlatforms) = postSolution
		{785C4345-DF4E-41EB-B3B3-767AE4FC5D05}.Debug|Any CPU.ActiveCfg = Debug|Any CPU
		{785C4345-DF4E-41EB-B3B3-767AE4FC5D05}.Debug|Any CPU.Build.0 = Debug|Any CPU
		{785C4345-DF4E-41EB-B3B3-767AE4FC5D05}.Release|Any CPU.ActiveCfg = Release|Any CPU
		{785C4345-DF4E-41EB-B3B3-767AE4FC5D05}.Release|Any CPU.Build.0 = Release|Any CPU
	EndGlobalSection
	GlobalSection(SolutionProperties) = preSolution
		HideSolutionNode = FALSE
	EndGlobalSection
	GlobalSection(ExtensibilityGlobals) = postSolution
		SolutionGuid = {9189368B-A7E9-447F-9FE8-6CA45FD00BA4}
	EndGlobalSection
EndGlobal
