
Microsoft Visual Studio Solution File, Format Version 12.00
# Visual Studio Version 16
VisualStudioVersion = 16.0.33529.622
MinimumVisualStudioVersion = 10.0.40219.1
Project("{FAE04EC0-301F-11D3-BF4B-00C04F79EFBC}") = "testPOPUP", "testPOPUP\testPOPUP.csproj", "{351544D0-0FA2-45F3-9956-5C68AE568DE4}"
EndProject
Global
	GlobalSection(SolutionConfigurationPlatforms) = preSolution
		Debug|Any CPU = Debug|Any CPU
		Release|Any CPU = Release|Any CPU
	EndGlobalSection
	GlobalSection(ProjectConfigurationPlatforms) = postSolution
		{351544D0-0FA2-45F3-9956-5C68AE568DE4}.Debug|Any CPU.ActiveCfg = Debug|Any CPU
		{351544D0-0FA2-45F3-9956-5C68AE568DE4}.Debug|Any CPU.Build.0 = Debug|Any CPU
		{351544D0-0FA2-45F3-9956-5C68AE568DE4}.Release|Any CPU.ActiveCfg = Release|Any CPU
		{351544D0-0FA2-45F3-9956-5C68AE568DE4}.Release|Any CPU.Build.0 = Release|Any CPU
	EndGlobalSection
	GlobalSection(SolutionProperties) = preSolution
		HideSolutionNode = FALSE
	EndGlobalSection
	GlobalSection(ExtensibilityGlobals) = postSolution
		SolutionGuid = {57AE19EF-EA0B-4B51-ADC6-AE82B1087D73}
	EndGlobalSection
EndGlobal
